Microsoft Visual Studio Solution File, Format Version 12.00
# Visual Studio Version 16
VisualStudioVersion = 16.0.30204.135
MinimumVisualStudioVersion = 10.0.40219.1
Project("{FAE04EC0-301F-11D3-BF4B-00C04F79EFBC}") = "AldrinAnalytics", "AldrinAnalytics\AldrinAnalytics.csproj", "{F327625A-DEC3-40C6-A669-ACAA62A77721}"
EndProject
Project("{FAE04EC0-301F-11D3-BF4B-00C04F79EFBC}") = "Examples", "Examples\Examples.csproj", "{7D20DD78-762D-4158-AA63-78C0872D7F40}"
EndProject
Project("{FAE04EC0-301F-11D3-BF4B-00C04F79EFBC}") = "UnitTests", "UnitTests\UnitTests.csproj", "{34F688CC-5849-401B-A102-05380A306C7C}"
EndProject
Project("{FAE04EC0-301F-11D3-BF4B-00C04F79EFBC}") = "AldrinXll", "AldrinXll\AldrinXll.csproj", "{A61C4BDA-4386-47BD-9CFA-8794EA5F0A3F}"
EndProject
Global
	GlobalSection(SolutionConfigurationPlatforms) = preSolution
		Debug|Any CPU = Debug|Any CPU
		License|Any CPU = License|Any CPU
		Release|Any CPU = Release|Any CPU
	EndGlobalSection
	GlobalSection(ProjectConfigurationPlatforms) = postSolution
		{F327625A-DEC3-40C6-A669-ACAA62A77721}.Debug|Any CPU.ActiveCfg = Debug|Any CPU
		{F327625A-DEC3-40C6-A669-ACAA62A77721}.Debug|Any CPU.Build.0 = Debug|Any CPU
		{F327625A-DEC3-40C6-A669-ACAA62A77721}.License|Any CPU.ActiveCfg = Debug|Any CPU
		{F327625A-DEC3-40C6-A669-ACAA62A77721}.License|Any CPU.Build.0 = Debug|Any CPU
		{F327625A-DEC3-40C6-A669-ACAA62A77721}.Release|Any CPU.ActiveCfg = Release|Any CPU
		{F327625A-DEC3-40C6-A669-ACAA62A77721}.Release|Any CPU.Build.0 = Release|Any CPU
		{7D20DD78-762D-4158-AA63-78C0872D7F40}.Debug|Any CPU.ActiveCfg = Debug|Any CPU
		{7D20DD78-762D-4158-AA63-78C0872D7F40}.Debug|Any CPU.Build.0 = Debug|Any CPU
		{7D20DD78-762D-4158-AA63-78C0872D7F40}.License|Any CPU.ActiveCfg = Debug|Any CPU
		{7D20DD78-762D-4158-AA63-78C0872D7F40}.License|Any CPU.Build.0 = Debug|Any CPU
		{7D20DD78-762D-4158-AA63-78C0872D7F40}.Release|Any CPU.ActiveCfg = Release|Any CPU
		{7D20DD78-762D-4158-AA63-78C0872D7F40}.Release|Any CPU.Build.0 = Release|Any CPU
		{34F688CC-5849-401B-A102-05380A306C7C}.Debug|Any CPU.ActiveCfg = Debug|Any CPU
		{34F688CC-5849-401B-A102-05380A306C7C}.Debug|Any CPU.Build.0 = Debug|Any CPU
		{34F688CC-5849-401B-A102-05380A306C7C}.License|Any CPU.ActiveCfg = Debug|Any CPU
		{34F688CC-5849-401B-A102-05380A306C7C}.License|Any CPU.Build.0 = Debug|Any CPU
		{34F688CC-5849-401B-A102-05380A306C7C}.Release|Any CPU.ActiveCfg = Release|Any CPU
		{34F688CC-5849-401B-A102-05380A306C7C}.Release|Any CPU.Build.0 = Release|Any CPU
		{A61C4BDA-4386-47BD-9CFA-8794EA5F0A3F}.Debug|Any CPU.ActiveCfg = Debug|Any CPU
		{A61C4BDA-4386-47BD-9CFA-8794EA5F0A3F}.Debug|Any CPU.Build.0 = Debug|Any CPU
		{A61C4BDA-4386-47BD-9CFA-8794EA5F0A3F}.License|Any CPU.ActiveCfg = Release|Any CPU
		{A61C4BDA-4386-47BD-9CFA-8794EA5F0A3F}.License|Any CPU.Build.0 = Release|Any CPU
		{A61C4BDA-4386-47BD-9CFA-8794EA5F0A3F}.Release|Any CPU.ActiveCfg = Release|Any CPU
		{A61C4BDA-4386-47BD-9CFA-8794EA5F0A3F}.Release|Any CPU.Build.0 = Release|Any CPU
	EndGlobalSection
	GlobalSection(SolutionProperties) = preSolution
		HideSolutionNode = FALSE
	EndGlobalSection
	GlobalSection(ExtensibilityGlobals) = postSolution
		SolutionGuid = {487F3E9D-4B54-46D3-9F5E-47DC571E15FD}
	EndGlobalSection
EndGlobal
